
Microsoft Visual Studio Solution File, Format Version 12.00
# Visual Studio 2015
Project("{FAE04EC0-301F-11D3-BF4B-00C04F79EFBC}") = "To_je_jedno.CSharp.Plugins", "To_je_jedno.CSharp.Plugins.csproj", "{C1203E47-9D24-802D-75D5-5F1D9C2BABF0}"
EndProject
Project("{FAE04EC0-301F-11D3-BF4B-00C04F79EFBC}") = "To_je_jedno.CSharp", "To_je_jedno.CSharp.csproj", "{0FB86F0E-3815-9B26-B9B9-561BABAF5DC2}"
EndProject
Project("{FAE04EC0-301F-11D3-BF4B-00C04F79EFBC}") = "To_je_jedno.CSharp.Editor", "To_je_jedno.CSharp.Editor.csproj", "{338B978B-7443-CCAD-055A-B4EBD0271739}"
EndProject
Global
	GlobalSection(SolutionConfigurationPlatforms) = preSolution
		Debug|Any CPU = Debug|Any CPU
		Release|Any CPU = Release|Any CPU
	EndGlobalSection
	GlobalSection(ProjectConfigurationPlatforms) = postSolution
		{C1203E47-9D24-802D-75D5-5F1D9C2BABF0}.Debug|Any CPU.ActiveCfg = Debug|Any CPU
		{C1203E47-9D24-802D-75D5-5F1D9C2BABF0}.Debug|Any CPU.Build.0 = Debug|Any CPU
		{C1203E47-9D24-802D-75D5-5F1D9C2BABF0}.Release|Any CPU.ActiveCfg = Release|Any CPU
		{C1203E47-9D24-802D-75D5-5F1D9C2BABF0}.Release|Any CPU.Build.0 = Release|Any CPU
		{0FB86F0E-3815-9B26-B9B9-561BABAF5DC2}.Debug|Any CPU.ActiveCfg = Debug|Any CPU
		{0FB86F0E-3815-9B26-B9B9-561BABAF5DC2}.Debug|Any CPU.Build.0 = Debug|Any CPU
		{0FB86F0E-3815-9B26-B9B9-561BABAF5DC2}.Release|Any CPU.ActiveCfg = Release|Any CPU
		{0FB86F0E-3815-9B26-B9B9-561BABAF5DC2}.Release|Any CPU.Build.0 = Release|Any CPU
		{338B978B-7443-CCAD-055A-B4EBD0271739}.Debug|Any CPU.ActiveCfg = Debug|Any CPU
		{338B978B-7443-CCAD-055A-B4EBD0271739}.Debug|Any CPU.Build.0 = Debug|Any CPU
		{338B978B-7443-CCAD-055A-B4EBD0271739}.Release|Any CPU.ActiveCfg = Release|Any CPU
		{338B978B-7443-CCAD-055A-B4EBD0271739}.Release|Any CPU.Build.0 = Release|Any CPU
	EndGlobalSection
	GlobalSection(SolutionProperties) = preSolution
		HideSolutionNode = FALSE
	EndGlobalSection
EndGlobal
